// !$*UTF8*$!
{
	archiveVersion = 1;
	classes = {
	};
	objectVersion = 46;
	objects = {

/* Begin PBXBuildFile section */
		FC5E53A21D8292A5000B77CF /* main.m in Sources */ = {isa = PBXBuildFile; fileRef = FC5E53A11D8292A5000B77CF /* main.m */; };
		FC5E53A51D8292A5000B77CF /* AppDelegate.m in Sources */ = {isa = PBXBuildFile; fileRef = FC5E53A41D8292A5000B77CF /* AppDelegate.m */; };
		FC5E53A81D8292A5000B77CF /* ViewController.m in Sources */ = {isa = PBXBuildFile; fileRef = FC5E53A71D8292A5000B77CF /* ViewController.m */; };
		FC5E53AB1D8292A5000B77CF /* Main.storyboard in Resources */ = {isa = PBXBuildFile; fileRef = FC5E53A91D8292A5000B77CF /* Main.storyboard */; };
		FC5E53AD1D8292A5000B77CF /* Assets.xcassets in Resources */ = {isa = PBXBuildFile; fileRef = FC5E53AC1D8292A5000B77CF /* Assets.xcassets */; };
		FC5E53B01D8292A5000B77CF /* LaunchScreen.storyboard in Resources */ = {isa = PBXBuildFile; fileRef = FC5E53AE1D8292A5000B77CF /* LaunchScreen.storyboard */; };
		FC5E53BB1D8292A5000B77CF /* JSTestTests.m in Sources */ = {isa = PBXBuildFile; fileRef = FC5E53BA1D8292A5000B77CF /* JSTestTests.m */; };
		FC5E53C61D8292A5000B77CF /* JSTestUITests.m in Sources */ = {isa = PBXBuildFile; fileRef = FC5E53C51D8292A5000B77CF /* JSTestUITests.m */; };
/* End PBXBuildFile section */

/* Begin PBXContainerItemProxy section */
		FC5E53B71D8292A5000B77CF /* PBXContainerItemProxy */ = {
			isa = PBXContainerItemProxy;
			containerPortal = FC5E53951D8292A5000B77CF /* Project object */;
			proxyType = 1;
			remoteGlobalIDString = FC5E539C1D8292A5000B77CF;
			remoteInfo = JSTest;
		};
		FC5E53C21D8292A5000B77CF /* PBXContainerItemProxy */ = {
			isa = PBXContainerItemProxy;
			containerPortal = FC5E53951D8292A5000B77CF /* Project object */;
			proxyType = 1;
			remoteGlobalIDString = FC5E539C1D8292A5000B77CF;
			remoteInfo = JSTest;
		};
/* End PBXContainerItemProxy section */

/* Begin PBXFileReference section */
		FC5E539D1D8292A5000B77CF /* JSTest.app */ = {isa = PBXFileReference; explicitFileType = wrapper.application; includeInIndex = 0; path = JSTest.app; sourceTree = BUILT_PRODUCTS_DIR; };
		FC5E53A11D8292A5000B77CF /* main.m */ = {isa = PBXFileReference; lastKnownFileType = sourcecode.c.objc; path = main.m; sourceTree = "<group>"; };
		FC5E53A31D8292A5000B77CF /* AppDelegate.h */ = {isa = PBXFileReference; lastKnownFileType = sourcecode.c.h; path = AppDelegate.h; sourceTree = "<group>"; };
		FC5E53A41D8292A5000B77CF /* AppDelegate.m */ = {isa = PBXFileReference; lastKnownFileType = sourcecode.c.objc; path = AppDelegate.m; sourceTree = "<group>"; };
		FC5E53A61D8292A5000B77CF /* ViewController.h */ = {isa = PBXFileReference; lastKnownFileType = sourcecode.c.h; path = ViewController.h; sourceTree = "<group>"; };
		FC5E53A71D8292A5000B77CF /* ViewController.m */ = {isa = PBXFileReference; lastKnownFileType = sourcecode.c.objc; path = ViewController.m; sourceTree = "<group>"; };
		FC5E53AA1D8292A5000B77CF /* Base */ = {isa = PBXFileReference; lastKnownFileType = file.storyboard; name = Base; path = Base.lproj/Main.storyboard; sourceTree = "<group>"; };
		FC5E53AC1D8292A5000B77CF /* Assets.xcassets */ = {isa = PBXFileReference; lastKnownFileType = folder.assetcatalog; path = Assets.xcassets; sourceTree = "<group>"; };
		FC5E53AF1D8292A5000B77CF /* Base */ = {isa = PBXFileReference; lastKnownFileType = file.storyboard; name = Base; path = Base.lproj/LaunchScreen.storyboard; sourceTree = "<group>"; };
		FC5E53B11D8292A5000B77CF /* Info.plist */ = {isa = PBXFileReference; lastKnownFileType = text.plist.xml; path = Info.plist; sourceTree = "<group>"; };
		FC5E53B61D8292A5000B77CF /* JSTestTests.xctest */ = {isa = PBXFileReference; explicitFileType = wrapper.cfbundle; includeInIndex = 0; path = JSTestTests.xctest; sourceTree = BUILT_PRODUCTS_DIR; };
		FC5E53BA1D8292A5000B77CF /* JSTestTests.m */ = {isa = PBXFileReference; lastKnownFileType = sourcecode.c.objc; path = JSTestTests.m; sourceTree = "<group>"; };
		FC5E53BC1D8292A5000B77CF /* Info.plist */ = {isa = PBXFileReference; lastKnownFileType = text.plist.xml; path = Info.plist; sourceTree = "<group>"; };
		FC5E53C11D8292A5000B77CF /* JSTestUITests.xctest */ = {isa = PBXFileReference; explicitFileType = wrapper.cfbundle; includeInIndex = 0; path = JSTestUITests.xctest; sourceTree = BUILT_PRODUCTS_DIR; };
		FC5E53C51D8292A5000B77CF /* JSTestUITests.m */ = {isa = PBXFileReference; lastKnownFileType = sourcecode.c.objc; path = JSTestUITests.m; sourceTree = "<group>"; };
		FC5E53C71D8292A5000B77CF /* Info.plist */ = {isa = PBXFileReference; lastKnownFileType = text.plist.xml; path = Info.plist; sourceTree = "<group>"; };
/* End PBXFileReference section */

/* Begin PBXFrameworksBuildPhase section */
		FC5E539A1D8292A5000B77CF /* Frameworks */ = {
			isa = PBXFrameworksBuildPhase;
			buildActionMask = 2147483647;
			files = (
			);
			runOnlyForDeploymentPostprocessing = 0;
		};
		FC5E53B31D8292A5000B77CF /* Frameworks */ = {
			isa = PBXFrameworksBuildPhase;
			buildActionMask = 2147483647;
			files = (
			);
			runOnlyForDeploymentPostprocessing = 0;
		};
		FC5E53BE1D8292A5000B77CF /* Frameworks */ = {
			isa = PBXFrameworksBuildPhase;
			buildActionMask = 2147483647;
			files = (
			);
			runOnlyForDeploymentPostprocessing = 0;
		};
/* End PBXFrameworksBuildPhase section */

/* Begin PBXGroup section */
		FC5E53941D8292A5000B77CF = {
			isa = PBXGroup;
			children = (
				FC5E539F1D8292A5000B77CF /* JSTest */,
				FC5E53B91D8292A5000B77CF /* JSTestTests */,
				FC5E53C41D8292A5000B77CF /* JSTestUITests */,
				FC5E539E1D8292A5000B77CF /* Products */,
			);
			sourceTree = "<group>";
		};
		FC5E539E1D8292A5000B77CF /* Products */ = {
			isa = PBXGroup;
			children = (
				FC5E539D1D8292A5000B77CF /* JSTest.app */,
				FC5E53B61D8292A5000B77CF /* JSTestTests.xctest */,
				FC5E53C11D8292A5000B77CF /* JSTestUITests.xctest */,
			);
			name = Products;
			sourceTree = "<group>";
		};
		FC5E539F1D8292A5000B77CF /* JSTest */ = {
			isa = PBXGroup;
			children = (
				FC5E53A31D8292A5000B77CF /* AppDelegate.h */,
				FC5E53A41D8292A5000B77CF /* AppDelegate.m */,
				FC5E53A61D8292A5000B77CF /* ViewController.h */,
				FC5E53A71D8292A5000B77CF /* ViewController.m */,
				FC5E53A91D8292A5000B77CF /* Main.storyboard */,
				FC5E53AC1D8292A5000B77CF /* Assets.xcassets */,
				FC5E53AE1D8292A5000B77CF /* LaunchScreen.storyboard */,
				FC5E53B11D8292A5000B77CF /* Info.plist */,
				FC5E53A01D8292A5000B77CF /* Supporting Files */,
			);
			path = JSTest;
			sourceTree = "<group>";
		};
		FC5E53A01D8292A5000B77CF /* Supporting Files */ = {
			isa = PBXGroup;
			children = (
				FC5E53A11D8292A5000B77CF /* main.m */,
			);
			name = "Supporting Files";
			sourceTree = "<group>";
		};
		FC5E53B91D8292A5000B77CF /* JSTestTests */ = {
			isa = PBXGroup;
			children = (
				FC5E53BA1D8292A5000B77CF /* JSTestTests.m */,
				FC5E53BC1D8292A5000B77CF /* Info.plist */,
			);
			path = JSTestTests;
			sourceTree = "<group>";
		};
		FC5E53C41D8292A5000B77CF /* JSTestUITests */ = {
			isa = PBXGroup;
			children = (
				FC5E53C51D8292A5000B77CF /* JSTestUITests.m */,
				FC5E53C71D8292A5000B77CF /* Info.plist */,
			);
			path = JSTestUITests;
			sourceTree = "<group>";
		};
/* End PBXGroup section */

/* Begin PBXNativeTarget section */
		FC5E539C1D8292A5000B77CF /* JSTest */ = {
			isa = PBXNativeTarget;
			buildConfigurationList = FC5E53CA1D8292A5000B77CF /* Build configuration list for PBXNativeTarget "JSTest" */;
			buildPhases = (
				FC5E53991D8292A5000B77CF /* Sources */,
				FC5E539A1D8292A5000B77CF /* Frameworks */,
				FC5E539B1D8292A5000B77CF /* Resources */,
			);
			buildRules = (
			);
			dependencies = (
			);
			name = JSTest;
			productName = JSTest;
			productReference = FC5E539D1D8292A5000B77CF /* JSTest.app */;
			productType = "com.apple.product-type.application";
		};
		FC5E53B51D8292A5000B77CF /* JSTestTests */ = {
			isa = PBXNativeTarget;
			buildConfigurationList = FC5E53CD1D8292A5000B77CF /* Build configuration list for PBXNativeTarget "JSTestTests" */;
			buildPhases = (
				FC5E53B21D8292A5000B77CF /* Sources */,
				FC5E53B31D8292A5000B77CF /* Frameworks */,
				FC5E53B41D8292A5000B77CF /* Resources */,
			);
			buildRules = (
			);
			dependencies = (
				FC5E53B81D8292A5000B77CF /* PBXTargetDependency */,
			);
			name = JSTestTests;
			productName = JSTestTests;
			productReference = FC5E53B61D8292A5000B77CF /* JSTestTests.xctest */;
			productType = "com.apple.product-type.bundle.unit-test";
		};
		FC5E53C01D8292A5000B77CF /* JSTestUITests */ = {
			isa = PBXNativeTarget;
			buildConfigurationList = FC5E53D01D8292A5000B77CF /* Build configuration list for PBXNativeTarget "JSTestUITests" */;
			buildPhases = (
				FC5E53BD1D8292A5000B77CF /* Sources */,
				FC5E53BE1D8292A5000B77CF /* Frameworks */,
				FC5E53BF1D8292A5000B77CF /* Resources */,
			);
			buildRules = (
			);
			dependencies = (
				FC5E53C31D8292A5000B77CF /* PBXTargetDependency */,
			);
			name = JSTestUITests;
			productName = JSTestUITests;
			productReference = FC5E53C11D8292A5000B77CF /* JSTestUITests.xctest */;
			productType = "com.apple.product-type.bundle.ui-testing";
		};
/* End PBXNativeTarget section */

/* Begin PBXProject section */
		FC5E53951D8292A5000B77CF /* Project object */ = {
			isa = PBXProject;
			attributes = {
				LastUpgradeCheck = 0720;
				ORGANIZATIONNAME = konglee;
				TargetAttributes = {
					FC5E539C1D8292A5000B77CF = {
						CreatedOnToolsVersion = 7.2;
					};
					FC5E53B51D8292A5000B77CF = {
						CreatedOnToolsVersion = 7.2;
						TestTargetID = FC5E539C1D8292A5000B77CF;
					};
					FC5E53C01D8292A5000B77CF = {
						CreatedOnToolsVersion = 7.2;
						TestTargetID = FC5E539C1D8292A5000B77CF;
					};
				};
			};
			buildConfigurationList = FC5E53981D8292A5000B77CF /* Build configuration list for PBXProject "JSTest" */;
			compatibilityVersion = "Xcode 3.2";
			developmentRegion = English;
			hasScannedForEncodings = 0;
			knownRegions = (
				en,
				Base,
			);
			mainGroup = FC5E53941D8292A5000B77CF;
			productRefGroup = FC5E539E1D8292A5000B77CF /* Products */;
			projectDirPath = "";
			projectRoot = "";
			targets = (
				FC5E539C1D8292A5000B77CF /* JSTest */,
				FC5E53B51D8292A5000B77CF /* JSTestTests */,
				FC5E53C01D8292A5000B77CF /* JSTestUITests */,
			);
		};
/* End PBXProject section */

/* Begin PBXResourcesBuildPhase section */
		FC5E539B1D8292A5000B77CF /* Resources */ = {
			isa = PBXResourcesBuildPhase;
			buildActionMask = 2147483647;
			files = (
				FC5E53B01D8292A5000B77CF /* LaunchScreen.storyboard in Resources */,
				FC5E53AD1D8292A5000B77CF /* Assets.xcassets in Resources */,
				FC5E53AB1D8292A5000B77CF /* Main.storyboard in Resources */,
			);
			runOnlyForDeploymentPostprocessing = 0;
		};
		FC5E53B41D8292A5000B77CF /* Resources */ = {
			isa = PBXResourcesBuildPhase;
			buildActionMask = 2147483647;
			files = (
			);
			runOnlyForDeploymentPostprocessing = 0;
		};
		FC5E53BF1D8292A5000B77CF /* Resources */ = {
			isa = PBXResourcesBuildPhase;
			buildActionMask = 2147483647;
			files = (
			);
			runOnlyForDeploymentPostprocessing = 0;
		};
/* End PBXResourcesBuildPhase section */

/* Begin PBXSourcesBuildPhase section */
		FC5E53991D8292A5000B77CF /* Sources */ = {
			isa = PBXSourcesBuildPhase;
			buildActionMask = 2147483647;
			files = (
				FC5E53A81D8292A5000B77CF /* ViewController.m in Sources */,
				FC5E53A51D8292A5000B77CF /* AppDelegate.m in Sources */,
				FC5E53A21D8292A5000B77CF /* main.m in Sources */,
			);
			runOnlyForDeploymentPostprocessing = 0;
		};
		FC5E53B21D8292A5000B77CF /* Sources */ = {
			isa = PBXSourcesBuildPhase;
			buildActionMask = 2147483647;
			files = (
				FC5E53BB1D8292A5000B77CF /* JSTestTests.m in Sources */,
			);
			runOnlyForDeploymentPostprocessing = 0;
		};
		FC5E53BD1D8292A5000B77CF /* Sources */ = {
			isa = PBXSourcesBuildPhase;
			buildActionMask = 2147483647;
			files = (
				FC5E53C61D8292A5000B77CF /* JSTestUITests.m in Sources */,
			);
			runOnlyForDeploymentPostprocessing = 0;
		};
/* End PBXSourcesBuildPhase section */

/* Begin PBXTargetDependency section */
		FC5E53B81D8292A5000B77CF /* PBXTargetDependency */ = {
			isa = PBXTargetDependency;
			target = FC5E539C1D8292A5000B77CF /* JSTest */;
			targetProxy = FC5E53B71D8292A5000B77CF /* PBXContainerItemProxy */;
		};
		FC5E53C31D8292A5000B77CF /* PBXTargetDependency */ = {
			isa = PBXTargetDependency;
			target = FC5E539C1D8292A5000B77CF /* JSTest */;
			targetProxy = FC5E53C21D8292A5000B77CF /* PBXContainerItemProxy */;
		};
/* End PBXTargetDependency section */

/* Begin PBXVariantGroup section */
		FC5E53A91D8292A5000B77CF /* Main.storyboard */ = {
			isa = PBXVariantGroup;
			children = (
				FC5E53AA1D8292A5000B77CF /* Base */,
			);
			name = Main.storyboard;
			sourceTree = "<group>";
		};
		FC5E53AE1D8292A5000B77CF /* LaunchScreen.storyboard */ = {
			isa = PBXVariantGroup;
			children = (
				FC5E53AF1D8292A5000B77CF /* Base */,
			);
			name = LaunchScreen.storyboard;
			sourceTree = "<group>";
		};
/* End PBXVariantGroup section */

/* Begin XCBuildConfiguration section */
		FC5E53C81D8292A5000B77CF /* Debug */ = {
			isa = XCBuildConfiguration;
			buildSettings = {
				ALWAYS_SEARCH_USER_PATHS = NO;
				CLANG_CXX_LANGUAGE_STANDARD = "gnu++0x";
				CLANG_CXX_LIBRARY = "libc++";
				CLANG_ENABLE_MODULES = YES;
				CLANG_ENABLE_OBJC_ARC = YES;
				CLANG_WARN_BOOL_CONVERSION = YES;
				CLANG_WARN_CONSTANT_CONVERSION = YES;
				CLANG_WARN_DIRECT_OBJC_ISA_USAGE = YES_ERROR;
				CLANG_WARN_EMPTY_BODY = YES;
				CLANG_WARN_ENUM_CONVERSION = YES;
				CLANG_WARN_INT_CONVERSION = YES;
				CLANG_WARN_OBJC_ROOT_CLASS = YES_ERROR;
				CLANG_WARN_UNREACHABLE_CODE = YES;
				CLANG_WARN__DUPLICATE_METHOD_MATCH = YES;
				"CODE_SIGN_IDENTITY[sdk=iphoneos*]" = "iPhone Developer";
				COPY_PHASE_STRIP = NO;
				DEBUG_INFORMATION_FORMAT = dwarf;
				ENABLE_STRICT_OBJC_MSGSEND = YES;
				ENABLE_TESTABILITY = YES;
				GCC_C_LANGUAGE_STANDARD = gnu99;
				GCC_DYNAMIC_NO_PIC = NO;
				GCC_NO_COMMON_BLOCKS = YES;
				GCC_OPTIMIZATION_LEVEL = 0;
				GCC_PREPROCESSOR_DEFINITIONS = (
					"DEBUG=1",
					"$(inherited)",
				);
				GCC_WARN_64_TO_32_BIT_CONVERSION = YES;
				GCC_WARN_ABOUT_RETURN_TYPE = YES_ERROR;
				GCC_WARN_UNDECLARED_SELECTOR = YES;
				GCC_WARN_UNINITIALIZED_AUTOS = YES_AGGRESSIVE;
				GCC_WARN_UNUSED_FUNCTION = YES;
				GCC_WARN_UNUSED_VARIABLE = YES;
				IPHONEOS_DEPLOYMENT_TARGET = 9.2;
				MTL_ENABLE_DEBUG_INFO = YES;
				ONLY_ACTIVE_ARCH = YES;
				SDKROOT = iphoneos;
			};
			name = Debug;
		};
		FC5E53C91D8292A5000B77CF /* Release */ = {
			isa = XCBuildConfiguration;
			buildSettings = {
				ALWAYS_SEARCH_USER_PATHS = NO;
				CLANG_CXX_LANGUAGE_STANDARD = "gnu++0x";
				CLANG_CXX_LIBRARY = "libc++";
				CLANG_ENABLE_MODULES = YES;
				CLANG_ENABLE_OBJC_ARC = YES;
				CLANG_WARN_BOOL_CONVERSION = YES;
				CLANG_WARN_CONSTANT_CONVERSION = YES;
				CLANG_WARN_DIRECT_OBJC_ISA_USAGE = YES_ERROR;
				CLANG_WARN_EMPTY_BODY = YES;
				CLANG_WARN_ENUM_CONVERSION = YES;
				CLANG_WARN_INT_CONVERSION = YES;
				CLANG_WARN_OBJC_ROOT_CLASS = YES_ERROR;
				CLANG_WARN_UNREACHABLE_CODE = YES;
				CLANG_WARN__DUPLICATE_METHOD_MATCH = YES;
				"CODE_SIGN_IDENTITY[sdk=iphoneos*]" = "iPhone Developer";
				COPY_PHASE_STRIP = NO;
				DEBUG_INFORMATION_FORMAT = "dwarf-with-dsym";
				ENABLE_NS_ASSERTIONS = NO;
				ENABLE_STRICT_OBJC_MSGSEND = YES;
				GCC_C_LANGUAGE_STANDARD = gnu99;
				GCC_NO_COMMON_BLOCKS = YES;
				GCC_WARN_64_TO_32_BIT_CONVERSION = YES;
				GCC_WARN_ABOUT_RETURN_TYPE = YES_ERROR;
				GCC_WARN_UNDECLARED_SELECTOR = YES;
				GCC_WARN_UNINITIALIZED_AUTOS = YES_AGGRESSIVE;
				GCC_WARN_UNUSED_FUNCTION = YES;
				GCC_WARN_UNUSED_VARIABLE = YES;
				IPHONEOS_DEPLOYMENT_TARGET = 9.2;
				MTL_ENABLE_DEBUG_INFO = NO;
				SDKROOT = iphoneos;
				VALIDATE_PRODUCT = YES;
			};
			name = Release;
		};
		FC5E53CB1D8292A5000B77CF /* Debug */ = {
			isa = XCBuildConfiguration;
			buildSettings = {
				ASSETCATALOG_COMPILER_APPICON_NAME = AppIcon;
				INFOPLIST_FILE = JSTest/Info.plist;
				LD_RUNPATH_SEARCH_PATHS = "$(inherited) @executable_path/Frameworks";
				PRODUCT_BUNDLE_IDENTIFIER = com.konglee.JSTest;
				PRODUCT_NAME = "$(TARGET_NAME)";
			};
			name = Debug;
		};
		FC5E53CC1D8292A5000B77CF /* Release */ = {
			isa = XCBuildConfiguration;
			buildSettings = {
				ASSETCATALOG_COMPILER_APPICON_NAME = AppIcon;
				INFOPLIST_FILE = JSTest/Info.plist;
				LD_RUNPATH_SEARCH_PATHS = "$(inherited) @executable_path/Frameworks";
				PRODUCT_BUNDLE_IDENTIFIER = com.konglee.JSTest;
				PRODUCT_NAME = "$(TARGET_NAME)";
			};
			name = Release;
		};
		FC5E53CE1D8292A5000B77CF /* Debug */ = {
			isa = XCBuildConfiguration;
			buildSettings = {
				BUNDLE_LOADER = "$(TEST_HOST)";
				INFOPLIST_FILE = JSTestTests/Info.plist;
				LD_RUNPATH_SEARCH_PATHS = "$(inherited) @executable_path/Frameworks @loader_path/Frameworks";
				PRODUCT_BUNDLE_IDENTIFIER = com.konglee.JSTestTests;
				PRODUCT_NAME = "$(TARGET_NAME)";
				TEST_HOST = "$(BUILT_PRODUCTS_DIR)/JSTest.app/JSTest";
			};
			name = Debug;
		};
		FC5E53CF1D8292A5000B77CF /* Release */ = {
			isa = XCBuildConfiguration;
			buildSettings = {
				BUNDLE_LOADER = "$(TEST_HOST)";
				INFOPLIST_FILE = JSTestTests/Info.plist;
				LD_RUNPATH_SEARCH_PATHS = "$(inherited) @executable_path/Frameworks @loader_path/Frameworks";
				PRODUCT_BUNDLE_IDENTIFIER = com.konglee.JSTestTests;
				PRODUCT_NAME = "$(TARGET_NAME)";
				TEST_HOST = "$(BUILT_PRODUCTS_DIR)/JSTest.app/JSTest";
			};
			name = Release;
		};
		FC5E53D11D8292A5000B77CF /* Debug */ = {
			isa = XCBuildConfiguration;
			buildSettings = {
				INFOPLIST_FILE = JSTestUITests/Info.plist;
				LD_RUNPATH_SEARCH_PATHS = "$(inherited) @executable_path/Frameworks @loader_path/Frameworks";
				PRODUCT_BUNDLE_IDENTIFIER = com.konglee.JSTestUITests;
				PRODUCT_NAME = "$(TARGET_NAME)";
				TEST_TARGET_NAME = JSTest;
				USES_XCTRUNNER = YES;
			};
			name = Debug;
		};
		FC5E53D21D8292A5000B77CF /* Release */ = {
			isa = XCBuildConfiguration;
			buildSettings = {
				INFOPLIST_FILE = JSTestUITests/Info.plist;
				LD_RUNPATH_SEARCH_PATHS = "$(inherited) @executable_path/Frameworks @loader_path/Frameworks";
				PRODUCT_BUNDLE_IDENTIFIER = com.konglee.JSTestUITests;
				PRODUCT_NAME = "$(TARGET_NAME)";
				TEST_TARGET_NAME = JSTest;
				USES_XCTRUNNER = YES;
			};
			name = Release;
		};
/* End XCBuildConfiguration section */

/* Begin XCConfigurationList section */
		FC5E53981D8292A5000B77CF /* Build configuration list for PBXProject "JSTest" */ = {
			isa = XCConfigurationList;
			buildConfigurations = (
				FC5E53C81D8292A5000B77CF /* Debug */,
				FC5E53C91D8292A5000B77CF /* Release */,
			);
			defaultConfigurationIsVisible = 0;
			defaultConfigurationName = Release;
		};
		FC5E53CA1D8292A5000B77CF /* Build configuration list for PBXNativeTarget "JSTest" */ = {
			isa = XCConfigurationList;
			buildConfigurations = (
				FC5E53CB1D8292A5000B77CF /* Debug */,
				FC5E53CC1D8292A5000B77CF /* Release */,
			);
			defaultConfigurationIsVisible = 0;
		};
		FC5E53CD1D8292A5000B77CF /* Build configuration list for PBXNativeTarget "JSTestTests" */ = {
			isa = XCConfigurationList;
			buildConfigurations = (
				FC5E53CE1D8292A5000B77CF /* Debug */,
				FC5E53CF1D8292A5000B77CF /* Release */,
			);
			defaultConfigurationIsVisible = 0;
		};
		FC5E53D01D8292A5000B77CF /* Build configuration list for PBXNativeTarget "JSTestUITests" */ = {
			isa = XCConfigurationList;
			buildConfigurations = (
				FC5E53D11D8292A5000B77CF /* Debug */,
				FC5E53D21D8292A5000B77CF /* Release */,
			);
			defaultConfigurationIsVisible = 0;
		};
/* End XCConfigurationList section */
	};
	rootObject = FC5E53951D8292A5000B77CF /* Project object */;
}
